Microsoft Visual Studio Solution File, Format Version 12.00
# Visual Studio 15
VisualStudioVersion = 15.0.27130.2010
MinimumVisualStudioVersion = 15.0.26124.0
Project("{FAE04EC0-301F-11D3-BF4B-00C04F79EFBC}") = "Chirpotle", "Chirpotle\Chirpotle.csproj", "{F37EB2B6-3B9A-450A-A305-88F0076B1645}"
EndProject
Project("{FAE04EC0-301F-11D3-BF4B-00C04F79EFBC}") = "Chirpesizer", "Chirpesizer\Chirpesizer.csproj", "{C56C3A68-AB8C-4CC6-8E21-709CD63379BC}"
EndProject
Project("{FAE04EC0-301F-11D3-BF4B-00C04F79EFBC}") = "playsong", "playsong\playsong.csproj", "{15314CF6-A6F3-481B-9E1A-4C674474A3E6}"
EndProject
Project("{FAE04EC0-301F-11D3-BF4B-00C04F79EFBC}") = "Test", "Test\Test.csproj", "{20DB5D5B-C2B2-4861-B05C-26D5E313C483}"
EndProject
Project("{FAE04EC0-301F-11D3-BF4B-00C04F79EFBC}") = "TestChirpotle", "TestChirpotle\TestChirpotle.csproj", "{9A216F1B-5174-4165-A274-454E9A4A5D11}"
EndProject
Project("{FAE04EC0-301F-11D3-BF4B-00C04F79EFBC}") = "OscillatorTest", "OscillatorTest\OscillatorTest.csproj", "{5C29013A-DB66-4943-81FF-D49C78CD4329}"
EndProject
Project("{FAE04EC0-301F-11D3-BF4B-00C04F79EFBC}") = "GraphExperiment", "GraphExperiment\GraphExperiment.csproj", "{BA5519F3-A053-41DA-80B9-AAEB0149DAFF}"
EndProject
Project("{FAE04EC0-301F-11D3-BF4B-00C04F79EFBC}") = "GexUI", "GexUI\GexUI.csproj", "{E4BB398C-7FB9-4BF3-84AB-E069281EA5D4}"
EndProject
Global
	GlobalSection(SolutionConfigurationPlatforms) = preSolution
		Debug|Any CPU = Debug|Any CPU
		Debug|x64 = Debug|x64
		Debug|x86 = Debug|x86
		Release|Any CPU = Release|Any CPU
		Release|x64 = Release|x64
		Release|x86 = Release|x86
	EndGlobalSection
	GlobalSection(ProjectConfigurationPlatforms) = postSolution
		{F37EB2B6-3B9A-450A-A305-88F0076B1645}.Debug|Any CPU.ActiveCfg = Debug|Any CPU
		{F37EB2B6-3B9A-450A-A305-88F0076B1645}.Debug|Any CPU.Build.0 = Debug|Any CPU
		{F37EB2B6-3B9A-450A-A305-88F0076B1645}.Debug|x64.ActiveCfg = Debug|Any CPU
		{F37EB2B6-3B9A-450A-A305-88F0076B1645}.Debug|x64.Build.0 = Debug|Any CPU
		{F37EB2B6-3B9A-450A-A305-88F0076B1645}.Debug|x86.ActiveCfg = Debug|Any CPU
		{F37EB2B6-3B9A-450A-A305-88F0076B1645}.Debug|x86.Build.0 = Debug|Any CPU
		{F37EB2B6-3B9A-450A-A305-88F0076B1645}.Release|Any CPU.ActiveCfg = Release|Any CPU
		{F37EB2B6-3B9A-450A-A305-88F0076B1645}.Release|Any CPU.Build.0 = Release|Any CPU
		{F37EB2B6-3B9A-450A-A305-88F0076B1645}.Release|x64.ActiveCfg = Release|Any CPU
		{F37EB2B6-3B9A-450A-A305-88F0076B1645}.Release|x64.Build.0 = Release|Any CPU
		{F37EB2B6-3B9A-450A-A305-88F0076B1645}.Release|x86.ActiveCfg = Release|Any CPU
		{F37EB2B6-3B9A-450A-A305-88F0076B1645}.Release|x86.Build.0 = Release|Any CPU
		{C56C3A68-AB8C-4CC6-8E21-709CD63379BC}.Debug|Any CPU.ActiveCfg = Debug|Any CPU
		{C56C3A68-AB8C-4CC6-8E21-709CD63379BC}.Debug|Any CPU.Build.0 = Debug|Any CPU
		{C56C3A68-AB8C-4CC6-8E21-709CD63379BC}.Debug|x64.ActiveCfg = Debug|Any CPU
		{C56C3A68-AB8C-4CC6-8E21-709CD63379BC}.Debug|x64.Build.0 = Debug|Any CPU
		{C56C3A68-AB8C-4CC6-8E21-709CD63379BC}.Debug|x86.ActiveCfg = Debug|Any CPU
		{C56C3A68-AB8C-4CC6-8E21-709CD63379BC}.Debug|x86.Build.0 = Debug|Any CPU
		{C56C3A68-AB8C-4CC6-8E21-709CD63379BC}.Release|Any CPU.ActiveCfg = Release|Any CPU
		{C56C3A68-AB8C-4CC6-8E21-709CD63379BC}.Release|Any CPU.Build.0 = Release|Any CPU
		{C56C3A68-AB8C-4CC6-8E21-709CD63379BC}.Release|x64.ActiveCfg = Release|Any CPU
		{C56C3A68-AB8C-4CC6-8E21-709CD63379BC}.Release|x64.Build.0 = Release|Any CPU
		{C56C3A68-AB8C-4CC6-8E21-709CD63379BC}.Release|x86.ActiveCfg = Release|Any CPU
		{C56C3A68-AB8C-4CC6-8E21-709CD63379BC}.Release|x86.Build.0 = Release|Any CPU
		{15314CF6-A6F3-481B-9E1A-4C674474A3E6}.Debug|Any CPU.ActiveCfg = Debug|Any CPU
		{15314CF6-A6F3-481B-9E1A-4C674474A3E6}.Debug|Any CPU.Build.0 = Debug|Any CPU
		{15314CF6-A6F3-481B-9E1A-4C674474A3E6}.Debug|x64.ActiveCfg = Debug|Any CPU
		{15314CF6-A6F3-481B-9E1A-4C674474A3E6}.Debug|x64.Build.0 = Debug|Any CPU
		{15314CF6-A6F3-481B-9E1A-4C674474A3E6}.Debug|x86.ActiveCfg = Debug|Any CPU
		{15314CF6-A6F3-481B-9E1A-4C674474A3E6}.Debug|x86.Build.0 = Debug|Any CPU
		{15314CF6-A6F3-481B-9E1A-4C674474A3E6}.Release|Any CPU.ActiveCfg = Release|Any CPU
		{15314CF6-A6F3-481B-9E1A-4C674474A3E6}.Release|Any CPU.Build.0 = Release|Any CPU
		{15314CF6-A6F3-481B-9E1A-4C674474A3E6}.Release|x64.ActiveCfg = Release|Any CPU
		{15314CF6-A6F3-481B-9E1A-4C674474A3E6}.Release|x64.Build.0 = Release|Any CPU
		{15314CF6-A6F3-481B-9E1A-4C674474A3E6}.Release|x86.ActiveCfg = Release|Any CPU
		{15314CF6-A6F3-481B-9E1A-4C674474A3E6}.Release|x86.Build.0 = Release|Any CPU
		{20DB5D5B-C2B2-4861-B05C-26D5E313C483}.Debug|Any CPU.ActiveCfg = Debug|Any CPU
		{20DB5D5B-C2B2-4861-B05C-26D5E313C483}.Debug|Any CPU.Build.0 = Debug|Any CPU
		{20DB5D5B-C2B2-4861-B05C-26D5E313C483}.Debug|x64.ActiveCfg = Debug|Any CPU
		{20DB5D5B-C2B2-4861-B05C-26D5E313C483}.Debug|x64.Build.0 = Debug|Any CPU
		{20DB5D5B-C2B2-4861-B05C-26D5E313C483}.Debug|x86.ActiveCfg = Debug|Any CPU
		{20DB5D5B-C2B2-4861-B05C-26D5E313C483}.Debug|x86.Build.0 = Debug|Any CPU
		{20DB5D5B-C2B2-4861-B05C-26D5E313C483}.Release|Any CPU.ActiveCfg = Release|Any CPU
		{20DB5D5B-C2B2-4861-B05C-26D5E313C483}.Release|Any CPU.Build.0 = Release|Any CPU
		{20DB5D5B-C2B2-4861-B05C-26D5E313C483}.Release|x64.ActiveCfg = Release|Any CPU
		{20DB5D5B-C2B2-4861-B05C-26D5E313C483}.Release|x64.Build.0 = Release|Any CPU
		{20DB5D5B-C2B2-4861-B05C-26D5E313C483}.Release|x86.ActiveCfg = Release|Any CPU
		{20DB5D5B-C2B2-4861-B05C-26D5E313C483}.Release|x86.Build.0 = Release|Any CPU
		{9A216F1B-5174-4165-A274-454E9A4A5D11}.Debug|Any CPU.ActiveCfg = Debug|Any CPU
		{9A216F1B-5174-4165-A274-454E9A4A5D11}.Debug|Any CPU.Build.0 = Debug|Any CPU
		{9A216F1B-5174-4165-A274-454E9A4A5D11}.Debug|x64.ActiveCfg = Debug|Any CPU
		{9A216F1B-5174-4165-A274-454E9A4A5D11}.Debug|x64.Build.0 = Debug|Any CPU
		{9A216F1B-5174-4165-A274-454E9A4A5D11}.Debug|x86.ActiveCfg = Debug|Any CPU
		{9A216F1B-5174-4165-A274-454E9A4A5D11}.Debug|x86.Build.0 = Debug|Any CPU
		{9A216F1B-5174-4165-A274-454E9A4A5D11}.Release|Any CPU.ActiveCfg = Release|Any CPU
		{9A216F1B-5174-4165-A274-454E9A4A5D11}.Release|Any CPU.Build.0 = Release|Any CPU
		{9A216F1B-5174-4165-A274-454E9A4A5D11}.Release|x64.ActiveCfg = Release|Any CPU
		{9A216F1B-5174-4165-A274-454E9A4A5D11}.Release|x64.Build.0 = Release|Any CPU
		{9A216F1B-5174-4165-A274-454E9A4A5D11}.Release|x86.ActiveCfg = Release|Any CPU
		{9A216F1B-5174-4165-A274-454E9A4A5D11}.Release|x86.Build.0 = Release|Any CPU
		{5C29013A-DB66-4943-81FF-D49C78CD4329}.Debug|Any CPU.ActiveCfg = Debug|Any CPU
		{5C29013A-DB66-4943-81FF-D49C78CD4329}.Debug|Any CPU.Build.0 = Debug|Any CPU
		{5C29013A-DB66-4943-81FF-D49C78CD4329}.Debug|x64.ActiveCfg = Debug|Any CPU
		{5C29013A-DB66-4943-81FF-D49C78CD4329}.Debug|x64.Build.0 = Debug|Any CPU
		{5C29013A-DB66-4943-81FF-D49C78CD4329}.Debug|x86.ActiveCfg = Debug|Any CPU
		{5C29013A-DB66-4943-81FF-D49C78CD4329}.Debug|x86.Build.0 = Debug|Any CPU
		{5C29013A-DB66-4943-81FF-D49C78CD4329}.Release|Any CPU.ActiveCfg = Release|Any CPU
		{5C29013A-DB66-4943-81FF-D49C78CD4329}.Release|Any CPU.Build.0 = Release|Any CPU
		{5C29013A-DB66-4943-81FF-D49C78CD4329}.Release|x64.ActiveCfg = Release|Any CPU
		{5C29013A-DB66-4943-81FF-D49C78CD4329}.Release|x64.Build.0 = Release|Any CPU
		{5C29013A-DB66-4943-81FF-D49C78CD4329}.Release|x86.ActiveCfg = Release|Any CPU
		{5C29013A-DB66-4943-81FF-D49C78CD4329}.Release|x86.Build.0 = Release|Any CPU
		{BA5519F3-A053-41DA-80B9-AAEB0149DAFF}.Debug|Any CPU.ActiveCfg = Debug|Any CPU
		{BA5519F3-A053-41DA-80B9-AAEB0149DAFF}.Debug|Any CPU.Build.0 = Debug|Any CPU
		{BA5519F3-A053-41DA-80B9-AAEB0149DAFF}.Debug|x64.ActiveCfg = Debug|Any CPU
		{BA5519F3-A053-41DA-80B9-AAEB0149DAFF}.Debug|x64.Build.0 = Debug|Any CPU
		{BA5519F3-A053-41DA-80B9-AAEB0149DAFF}.Debug|x86.ActiveCfg = Debug|Any CPU
		{BA5519F3-A053-41DA-80B9-AAEB0149DAFF}.Debug|x86.Build.0 = Debug|Any CPU
		{BA5519F3-A053-41DA-80B9-AAEB0149DAFF}.Release|Any CPU.ActiveCfg = Release|Any CPU
		{BA5519F3-A053-41DA-80B9-AAEB0149DAFF}.Release|Any CPU.Build.0 = Release|Any CPU
		{BA5519F3-A053-41DA-80B9-AAEB0149DAFF}.Release|x64.ActiveCfg = Release|Any CPU
		{BA5519F3-A053-41DA-80B9-AAEB0149DAFF}.Release|x64.Build.0 = Release|Any CPU
		{BA5519F3-A053-41DA-80B9-AAEB0149DAFF}.Release|x86.ActiveCfg = Release|Any CPU
		{BA5519F3-A053-41DA-80B9-AAEB0149DAFF}.Release|x86.Build.0 = Release|Any CPU
		{E4BB398C-7FB9-4BF3-84AB-E069281EA5D4}.Debug|Any CPU.ActiveCfg = Debug|Any CPU
		{E4BB398C-7FB9-4BF3-84AB-E069281EA5D4}.Debug|Any CPU.Build.0 = Debug|Any CPU
		{E4BB398C-7FB9-4BF3-84AB-E069281EA5D4}.Debug|x64.ActiveCfg = Debug|Any CPU
		{E4BB398C-7FB9-4BF3-84AB-E069281EA5D4}.Debug|x64.Build.0 = Debug|Any CPU
		{E4BB398C-7FB9-4BF3-84AB-E069281EA5D4}.Debug|x86.ActiveCfg = Debug|Any CPU
		{E4BB398C-7FB9-4BF3-84AB-E069281EA5D4}.Debug|x86.Build.0 = Debug|Any CPU
		{E4BB398C-7FB9-4BF3-84AB-E069281EA5D4}.Release|Any CPU.ActiveCfg = Release|Any CPU
		{E4BB398C-7FB9-4BF3-84AB-E069281EA5D4}.Release|Any CPU.Build.0 = Release|Any CPU
		{E4BB398C-7FB9-4BF3-84AB-E069281EA5D4}.Release|x64.ActiveCfg = Release|Any CPU
		{E4BB398C-7FB9-4BF3-84AB-E069281EA5D4}.Release|x64.Build.0 = Release|Any CPU
		{E4BB398C-7FB9-4BF3-84AB-E069281EA5D4}.Release|x86.ActiveCfg = Release|Any CPU
		{E4BB398C-7FB9-4BF3-84AB-E069281EA5D4}.Release|x86.Build.0 = Release|Any CPU
	EndGlobalSection
	GlobalSection(SolutionProperties) = preSolution
		HideSolutionNode = FALSE
	EndGlobalSection
	GlobalSection(ExtensibilityGlobals) = postSolution
		SolutionGuid = {DB895A67-3FED-43BE-B731-2E743EEB15F9}
	EndGlobalSection
EndGlobal
