Microsoft Visual Studio Solution File, Format Version 12.00
# Visual Studio 15
VisualStudioVersion = 15.0.27130.2010
MinimumVisualStudioVersion = 15.0.26124.0
Project("{FAE04EC0-301F-11D3-BF4B-00C04F79EFBC}") = "playsong", "playsong\playsong.csproj", "{15314CF6-A6F3-481B-9E1A-4C674474A3E6}"
EndProject
Project("{FAE04EC0-301F-11D3-BF4B-00C04F79EFBC}") = "GraphExperiment", "GraphExperiment\GraphExperiment.csproj", "{BA5519F3-A053-41DA-80B9-AAEB0149DAFF}"
EndProject
Project("{FAE04EC0-301F-11D3-BF4B-00C04F79EFBC}") = "GexUI", "GexUI\GexUI.csproj", "{E4BB398C-7FB9-4BF3-84AB-E069281EA5D4}"
EndProject
Project("{FAE04EC0-301F-11D3-BF4B-00C04F79EFBC}") = "TestGEx", "TestGEx\TestGEx.csproj", "{25E4AC05-6812-4CDE-B781-76A2CDD2C748}"
EndProject
Project("{FAE04EC0-301F-11D3-BF4B-00C04F79EFBC}") = "Utils", "Utils\Utils.csproj", "{9DE6C80E-2BF9-4042-8518-6997A6986B0E}"
EndProject
Global
	GlobalSection(SolutionConfigurationPlatforms) = preSolution
		Debug|Any CPU = Debug|Any CPU
		Debug|x64 = Debug|x64
		Debug|x86 = Debug|x86
		Release|Any CPU = Release|Any CPU
		Release|x64 = Release|x64
		Release|x86 = Release|x86
	EndGlobalSection
	GlobalSection(ProjectConfigurationPlatforms) = postSolution
		{15314CF6-A6F3-481B-9E1A-4C674474A3E6}.Debug|Any CPU.ActiveCfg = Debug|Any CPU
		{15314CF6-A6F3-481B-9E1A-4C674474A3E6}.Debug|Any CPU.Build.0 = Debug|Any CPU
		{15314CF6-A6F3-481B-9E1A-4C674474A3E6}.Debug|x64.ActiveCfg = Debug|Any CPU
		{15314CF6-A6F3-481B-9E1A-4C674474A3E6}.Debug|x64.Build.0 = Debug|Any CPU
		{15314CF6-A6F3-481B-9E1A-4C674474A3E6}.Debug|x86.ActiveCfg = Debug|Any CPU
		{15314CF6-A6F3-481B-9E1A-4C674474A3E6}.Debug|x86.Build.0 = Debug|Any CPU
		{15314CF6-A6F3-481B-9E1A-4C674474A3E6}.Release|Any CPU.ActiveCfg = Release|Any CPU
		{15314CF6-A6F3-481B-9E1A-4C674474A3E6}.Release|Any CPU.Build.0 = Release|Any CPU
		{15314CF6-A6F3-481B-9E1A-4C674474A3E6}.Release|x64.ActiveCfg = Release|Any CPU
		{15314CF6-A6F3-481B-9E1A-4C674474A3E6}.Release|x64.Build.0 = Release|Any CPU
		{15314CF6-A6F3-481B-9E1A-4C674474A3E6}.Release|x86.ActiveCfg = Release|Any CPU
		{15314CF6-A6F3-481B-9E1A-4C674474A3E6}.Release|x86.Build.0 = Release|Any CPU
		{BA5519F3-A053-41DA-80B9-AAEB0149DAFF}.Debug|Any CPU.ActiveCfg = Debug|Any CPU
		{BA5519F3-A053-41DA-80B9-AAEB0149DAFF}.Debug|Any CPU.Build.0 = Debug|Any CPU
		{BA5519F3-A053-41DA-80B9-AAEB0149DAFF}.Debug|x64.ActiveCfg = Debug|Any CPU
		{BA5519F3-A053-41DA-80B9-AAEB0149DAFF}.Debug|x64.Build.0 = Debug|Any CPU
		{BA5519F3-A053-41DA-80B9-AAEB0149DAFF}.Debug|x86.ActiveCfg = Debug|Any CPU
		{BA5519F3-A053-41DA-80B9-AAEB0149DAFF}.Debug|x86.Build.0 = Debug|Any CPU
		{BA5519F3-A053-41DA-80B9-AAEB0149DAFF}.Release|Any CPU.ActiveCfg = Release|Any CPU
		{BA5519F3-A053-41DA-80B9-AAEB0149DAFF}.Release|Any CPU.Build.0 = Release|Any CPU
		{BA5519F3-A053-41DA-80B9-AAEB0149DAFF}.Release|x64.ActiveCfg = Release|Any CPU
		{BA5519F3-A053-41DA-80B9-AAEB0149DAFF}.Release|x64.Build.0 = Release|Any CPU
		{BA5519F3-A053-41DA-80B9-AAEB0149DAFF}.Release|x86.ActiveCfg = Release|Any CPU
		{BA5519F3-A053-41DA-80B9-AAEB0149DAFF}.Release|x86.Build.0 = Release|Any CPU
		{E4BB398C-7FB9-4BF3-84AB-E069281EA5D4}.Debug|Any CPU.ActiveCfg = Debug|Any CPU
		{E4BB398C-7FB9-4BF3-84AB-E069281EA5D4}.Debug|Any CPU.Build.0 = Debug|Any CPU
		{E4BB398C-7FB9-4BF3-84AB-E069281EA5D4}.Debug|x64.ActiveCfg = Debug|Any CPU
		{E4BB398C-7FB9-4BF3-84AB-E069281EA5D4}.Debug|x64.Build.0 = Debug|Any CPU
		{E4BB398C-7FB9-4BF3-84AB-E069281EA5D4}.Debug|x86.ActiveCfg = Debug|Any CPU
		{E4BB398C-7FB9-4BF3-84AB-E069281EA5D4}.Debug|x86.Build.0 = Debug|Any CPU
		{E4BB398C-7FB9-4BF3-84AB-E069281EA5D4}.Release|Any CPU.ActiveCfg = Release|Any CPU
		{E4BB398C-7FB9-4BF3-84AB-E069281EA5D4}.Release|Any CPU.Build.0 = Release|Any CPU
		{E4BB398C-7FB9-4BF3-84AB-E069281EA5D4}.Release|x64.ActiveCfg = Release|Any CPU
		{E4BB398C-7FB9-4BF3-84AB-E069281EA5D4}.Release|x64.Build.0 = Release|Any CPU
		{E4BB398C-7FB9-4BF3-84AB-E069281EA5D4}.Release|x86.ActiveCfg = Release|Any CPU
		{E4BB398C-7FB9-4BF3-84AB-E069281EA5D4}.Release|x86.Build.0 = Release|Any CPU
		{25E4AC05-6812-4CDE-B781-76A2CDD2C748}.Debug|Any CPU.ActiveCfg = Debug|Any CPU
		{25E4AC05-6812-4CDE-B781-76A2CDD2C748}.Debug|Any CPU.Build.0 = Debug|Any CPU
		{25E4AC05-6812-4CDE-B781-76A2CDD2C748}.Debug|x64.ActiveCfg = Debug|Any CPU
		{25E4AC05-6812-4CDE-B781-76A2CDD2C748}.Debug|x64.Build.0 = Debug|Any CPU
		{25E4AC05-6812-4CDE-B781-76A2CDD2C748}.Debug|x86.ActiveCfg = Debug|Any CPU
		{25E4AC05-6812-4CDE-B781-76A2CDD2C748}.Debug|x86.Build.0 = Debug|Any CPU
		{25E4AC05-6812-4CDE-B781-76A2CDD2C748}.Release|Any CPU.ActiveCfg = Release|Any CPU
		{25E4AC05-6812-4CDE-B781-76A2CDD2C748}.Release|Any CPU.Build.0 = Release|Any CPU
		{25E4AC05-6812-4CDE-B781-76A2CDD2C748}.Release|x64.ActiveCfg = Release|Any CPU
		{25E4AC05-6812-4CDE-B781-76A2CDD2C748}.Release|x64.Build.0 = Release|Any CPU
		{25E4AC05-6812-4CDE-B781-76A2CDD2C748}.Release|x86.ActiveCfg = Release|Any CPU
		{25E4AC05-6812-4CDE-B781-76A2CDD2C748}.Release|x86.Build.0 = Release|Any CPU
		{9DE6C80E-2BF9-4042-8518-6997A6986B0E}.Debug|Any CPU.ActiveCfg = Debug|Any CPU
		{9DE6C80E-2BF9-4042-8518-6997A6986B0E}.Debug|Any CPU.Build.0 = Debug|Any CPU
		{9DE6C80E-2BF9-4042-8518-6997A6986B0E}.Debug|x64.ActiveCfg = Debug|Any CPU
		{9DE6C80E-2BF9-4042-8518-6997A6986B0E}.Debug|x64.Build.0 = Debug|Any CPU
		{9DE6C80E-2BF9-4042-8518-6997A6986B0E}.Debug|x86.ActiveCfg = Debug|Any CPU
		{9DE6C80E-2BF9-4042-8518-6997A6986B0E}.Debug|x86.Build.0 = Debug|Any CPU
		{9DE6C80E-2BF9-4042-8518-6997A6986B0E}.Release|Any CPU.ActiveCfg = Release|Any CPU
		{9DE6C80E-2BF9-4042-8518-6997A6986B0E}.Release|Any CPU.Build.0 = Release|Any CPU
		{9DE6C80E-2BF9-4042-8518-6997A6986B0E}.Release|x64.ActiveCfg = Release|Any CPU
		{9DE6C80E-2BF9-4042-8518-6997A6986B0E}.Release|x64.Build.0 = Release|Any CPU
		{9DE6C80E-2BF9-4042-8518-6997A6986B0E}.Release|x86.ActiveCfg = Release|Any CPU
		{9DE6C80E-2BF9-4042-8518-6997A6986B0E}.Release|x86.Build.0 = Release|Any CPU
	EndGlobalSection
	GlobalSection(SolutionProperties) = preSolution
		HideSolutionNode = FALSE
	EndGlobalSection
	GlobalSection(ExtensibilityGlobals) = postSolution
		SolutionGuid = {DB895A67-3FED-43BE-B731-2E743EEB15F9}
	EndGlobalSection
EndGlobal
